
Microsoft Visual Studio Solution File, Format Version 10.00
# Visual Studio 2008
Project("{8BC9CEB8-8B4A-11D0-8D11-00A0C91BC942}") = "Cosmetic", "Cosmetic\Cosmetic.vcproj", "{80303421-D85A-4831-93A7-6A83407181D9}"
	ProjectSection(ProjectDependencies) = postProject
		{E309E067-E4CB-4D0A-85AB-8C6699F524C4} = {E309E067-E4CB-4D0A-85AB-8C6699F524C4}
		{15B22675-DF27-49AC-BEE6-79273AE36F47} = {15B22675-DF27-49AC-BEE6-79273AE36F47}
		{EFFBD987-BE2F-4940-9177-2E721B083890} = {EFFBD987-BE2F-4940-9177-2E721B083890}
		{3E77649D-F8CC-4ADC-A16E-1047F14DD373} = {3E77649D-F8CC-4ADC-A16E-1047F14DD373}
		{DB7020B7-958A-4192-B178-E8C68EB9FB8E} = {DB7020B7-958A-4192-B178-E8C68EB9FB8E}
		{47EFC5D1-63B9-4D8E-A71F-07F4AC688AEE} = {47EFC5D1-63B9-4D8E-A71F-07F4AC688AEE}
	EndProjectSection
EndProject
Project("{8BC9CEB8-8B4A-11D0-8D11-00A0C91BC942}") = "Common", "Common\Common.vcproj", "{47EFC5D1-63B9-4D8E-A71F-07F4AC688AEE}"
EndProject
Project("{8BC9CEB8-8B4A-11D0-8D11-00A0C91BC942}") = "CommonQt", "CommonQt\CommonQt.vcproj", "{DB7020B7-958A-4192-B178-E8C68EB9FB8E}"
	ProjectSection(ProjectDependencies) = postProject
		{47EFC5D1-63B9-4D8E-A71F-07F4AC688AEE} = {47EFC5D1-63B9-4D8E-A71F-07F4AC688AEE}
	EndProjectSection
EndProject
Project("{8BC9CEB8-8B4A-11D0-8D11-00A0C91BC942}") = "Staff", "Staff\Staff.vcproj", "{3E77649D-F8CC-4ADC-A16E-1047F14DD373}"
	ProjectSection(ProjectDependencies) = postProject
		{15B22675-DF27-49AC-BEE6-79273AE36F47} = {15B22675-DF27-49AC-BEE6-79273AE36F47}
		{DB7020B7-958A-4192-B178-E8C68EB9FB8E} = {DB7020B7-958A-4192-B178-E8C68EB9FB8E}
		{47EFC5D1-63B9-4D8E-A71F-07F4AC688AEE} = {47EFC5D1-63B9-4D8E-A71F-07F4AC688AEE}
	EndProjectSection
EndProject
Project("{8BC9CEB8-8B4A-11D0-8D11-00A0C91BC942}") = "Worker", "Worker\Worker.vcproj", "{15B22675-DF27-49AC-BEE6-79273AE36F47}"
	ProjectSection(ProjectDependencies) = postProject
		{47EFC5D1-63B9-4D8E-A71F-07F4AC688AEE} = {47EFC5D1-63B9-4D8E-A71F-07F4AC688AEE}
	EndProjectSection
EndProject
Project("{8BC9CEB8-8B4A-11D0-8D11-00A0C91BC942}") = "Business", "Business\Business.vcproj", "{EFFBD987-BE2F-4940-9177-2E721B083890}"
	ProjectSection(ProjectDependencies) = postProject
		{15B22675-DF27-49AC-BEE6-79273AE36F47} = {15B22675-DF27-49AC-BEE6-79273AE36F47}
		{DB7020B7-958A-4192-B178-E8C68EB9FB8E} = {DB7020B7-958A-4192-B178-E8C68EB9FB8E}
		{47EFC5D1-63B9-4D8E-A71F-07F4AC688AEE} = {47EFC5D1-63B9-4D8E-A71F-07F4AC688AEE}
	EndProjectSection
EndProject
Project("{8BC9CEB8-8B4A-11D0-8D11-00A0C91BC942}") = "Customer", "Customer\Customer.vcproj", "{E309E067-E4CB-4D0A-85AB-8C6699F524C4}"
	ProjectSection(ProjectDependencies) = postProject
		{15B22675-DF27-49AC-BEE6-79273AE36F47} = {15B22675-DF27-49AC-BEE6-79273AE36F47}
		{DB7020B7-958A-4192-B178-E8C68EB9FB8E} = {DB7020B7-958A-4192-B178-E8C68EB9FB8E}
		{47EFC5D1-63B9-4D8E-A71F-07F4AC688AEE} = {47EFC5D1-63B9-4D8E-A71F-07F4AC688AEE}
	EndProjectSection
EndProject
Global
	GlobalSection(SolutionConfigurationPlatforms) = preSolution
		Debug|Win32 = Debug|Win32
		Release|Win32 = Release|Win32
		ReleaseStatic|Win32 = ReleaseStatic|Win32
	EndGlobalSection
	GlobalSection(ProjectConfigurationPlatforms) = postSolution
		{80303421-D85A-4831-93A7-6A83407181D9}.Debug|Win32.ActiveCfg = Debug|Win32
		{80303421-D85A-4831-93A7-6A83407181D9}.Debug|Win32.Build.0 = Debug|Win32
		{80303421-D85A-4831-93A7-6A83407181D9}.Release|Win32.ActiveCfg = Release|Win32
		{80303421-D85A-4831-93A7-6A83407181D9}.Release|Win32.Build.0 = Release|Win32
		{80303421-D85A-4831-93A7-6A83407181D9}.ReleaseStatic|Win32.ActiveCfg = ReleaseStatic|Win32
		{80303421-D85A-4831-93A7-6A83407181D9}.ReleaseStatic|Win32.Build.0 = ReleaseStatic|Win32
		{47EFC5D1-63B9-4D8E-A71F-07F4AC688AEE}.Debug|Win32.ActiveCfg = Debug|Win32
		{47EFC5D1-63B9-4D8E-A71F-07F4AC688AEE}.Debug|Win32.Build.0 = Debug|Win32
		{47EFC5D1-63B9-4D8E-A71F-07F4AC688AEE}.Release|Win32.ActiveCfg = Release|Win32
		{47EFC5D1-63B9-4D8E-A71F-07F4AC688AEE}.Release|Win32.Build.0 = Release|Win32
		{47EFC5D1-63B9-4D8E-A71F-07F4AC688AEE}.ReleaseStatic|Win32.ActiveCfg = ReleaseStatic|Win32
		{47EFC5D1-63B9-4D8E-A71F-07F4AC688AEE}.ReleaseStatic|Win32.Build.0 = ReleaseStatic|Win32
		{DB7020B7-958A-4192-B178-E8C68EB9FB8E}.Debug|Win32.ActiveCfg = Debug|Win32
		{DB7020B7-958A-4192-B178-E8C68EB9FB8E}.Debug|Win32.Build.0 = Debug|Win32
		{DB7020B7-958A-4192-B178-E8C68EB9FB8E}.Release|Win32.ActiveCfg = Release|Win32
		{DB7020B7-958A-4192-B178-E8C68EB9FB8E}.Release|Win32.Build.0 = Release|Win32
		{DB7020B7-958A-4192-B178-E8C68EB9FB8E}.ReleaseStatic|Win32.ActiveCfg = ReleaseStatic|Win32
		{DB7020B7-958A-4192-B178-E8C68EB9FB8E}.ReleaseStatic|Win32.Build.0 = ReleaseStatic|Win32
		{3E77649D-F8CC-4ADC-A16E-1047F14DD373}.Debug|Win32.ActiveCfg = Debug|Win32
		{3E77649D-F8CC-4ADC-A16E-1047F14DD373}.Debug|Win32.Build.0 = Debug|Win32
		{3E77649D-F8CC-4ADC-A16E-1047F14DD373}.Release|Win32.ActiveCfg = Release|Win32
		{3E77649D-F8CC-4ADC-A16E-1047F14DD373}.Release|Win32.Build.0 = Release|Win32
		{3E77649D-F8CC-4ADC-A16E-1047F14DD373}.ReleaseStatic|Win32.ActiveCfg = ReleaseStatic|Win32
		{3E77649D-F8CC-4ADC-A16E-1047F14DD373}.ReleaseStatic|Win32.Build.0 = ReleaseStatic|Win32
		{15B22675-DF27-49AC-BEE6-79273AE36F47}.Debug|Win32.ActiveCfg = Debug|Win32
		{15B22675-DF27-49AC-BEE6-79273AE36F47}.Debug|Win32.Build.0 = Debug|Win32
		{15B22675-DF27-49AC-BEE6-79273AE36F47}.Release|Win32.ActiveCfg = Release|Win32
		{15B22675-DF27-49AC-BEE6-79273AE36F47}.Release|Win32.Build.0 = Release|Win32
		{15B22675-DF27-49AC-BEE6-79273AE36F47}.ReleaseStatic|Win32.ActiveCfg = ReleaseStatic|Win32
		{15B22675-DF27-49AC-BEE6-79273AE36F47}.ReleaseStatic|Win32.Build.0 = ReleaseStatic|Win32
		{EFFBD987-BE2F-4940-9177-2E721B083890}.Debug|Win32.ActiveCfg = Debug|Win32
		{EFFBD987-BE2F-4940-9177-2E721B083890}.Debug|Win32.Build.0 = Debug|Win32
		{EFFBD987-BE2F-4940-9177-2E721B083890}.Release|Win32.ActiveCfg = Release|Win32
		{EFFBD987-BE2F-4940-9177-2E721B083890}.Release|Win32.Build.0 = Release|Win32
		{EFFBD987-BE2F-4940-9177-2E721B083890}.ReleaseStatic|Win32.ActiveCfg = ReleaseStatic|Win32
		{EFFBD987-BE2F-4940-9177-2E721B083890}.ReleaseStatic|Win32.Build.0 = ReleaseStatic|Win32
		{E309E067-E4CB-4D0A-85AB-8C6699F524C4}.Debug|Win32.ActiveCfg = Debug|Win32
		{E309E067-E4CB-4D0A-85AB-8C6699F524C4}.Debug|Win32.Build.0 = Debug|Win32
		{E309E067-E4CB-4D0A-85AB-8C6699F524C4}.Release|Win32.ActiveCfg = Release|Win32
		{E309E067-E4CB-4D0A-85AB-8C6699F524C4}.Release|Win32.Build.0 = Release|Win32
		{E309E067-E4CB-4D0A-85AB-8C6699F524C4}.ReleaseStatic|Win32.ActiveCfg = ReleaseStatic|Win32
		{E309E067-E4CB-4D0A-85AB-8C6699F524C4}.ReleaseStatic|Win32.Build.0 = ReleaseStatic|Win32
	EndGlobalSection
	GlobalSection(SolutionProperties) = preSolution
		HideSolutionNode = FALSE
	EndGlobalSection
	GlobalSection(ExtensibilityGlobals) = postSolution
		QtVersion = qt-4.5.1-shared
	EndGlobalSection
EndGlobal
